
Microsoft Visual Studio Solution File, Format Version 12.00
# Visual Studio 2013
VisualStudioVersion = 12.0.30501.0
MinimumVisualStudioVersion = 10.0.40219.1
Project("{FAE04EC0-301F-11D3-BF4B-00C04F79EFBC}") = "EFRelationshipUsingCode-First", "EFRelationshipUsingCode-First\EFRelationshipUsingCode-First.csproj", "{A13C1567-E40C-4133-AFD1-F6C65FAD9AF2}"
EndProject
Project("{FAE04EC0-301F-11D3-BF4B-00C04F79EFBC}") = "EFRelationshipUsingCode-First.Tests", "EFRelationshipUsingCode-First.Tests\EFRelationshipUsingCode-First.Tests.csproj", "{71486689-AF5D-4832-BB98-1EC6097B5971}"
EndProject
Project("{FAE04EC0-301F-11D3-BF4B-00C04F79EFBC}") = "EF.Core", "EF.Core\EF.Core.csproj", "{D6C18C4E-98E9-41A9-968B-CC41E1C34A83}"
EndProject
Project("{FAE04EC0-301F-11D3-BF4B-00C04F79EFBC}") = "EF.Data", "EF.Data\EF.Data.csproj", "{E1174716-341E-467B-BE07-6860DD45B3D0}"
EndProject
Global
	GlobalSection(SolutionConfigurationPlatforms) = preSolution
		Debug|Any CPU = Debug|Any CPU
		Release|Any CPU = Release|Any CPU
	EndGlobalSection
	GlobalSection(ProjectConfigurationPlatforms) = postSolution
		{A13C1567-E40C-4133-AFD1-F6C65FAD9AF2}.Debug|Any CPU.ActiveCfg = Debug|Any CPU
		{A13C1567-E40C-4133-AFD1-F6C65FAD9AF2}.Debug|Any CPU.Build.0 = Debug|Any CPU
		{A13C1567-E40C-4133-AFD1-F6C65FAD9AF2}.Release|Any CPU.ActiveCfg = Release|Any CPU
		{A13C1567-E40C-4133-AFD1-F6C65FAD9AF2}.Release|Any CPU.Build.0 = Release|Any CPU
		{71486689-AF5D-4832-BB98-1EC6097B5971}.Debug|Any CPU.ActiveCfg = Debug|Any CPU
		{71486689-AF5D-4832-BB98-1EC6097B5971}.Debug|Any CPU.Build.0 = Debug|Any CPU
		{71486689-AF5D-4832-BB98-1EC6097B5971}.Release|Any CPU.ActiveCfg = Release|Any CPU
		{71486689-AF5D-4832-BB98-1EC6097B5971}.Release|Any CPU.Build.0 = Release|Any CPU
		{D6C18C4E-98E9-41A9-968B-CC41E1C34A83}.Debug|Any CPU.ActiveCfg = Debug|Any CPU
		{D6C18C4E-98E9-41A9-968B-CC41E1C34A83}.Debug|Any CPU.Build.0 = Debug|Any CPU
		{D6C18C4E-98E9-41A9-968B-CC41E1C34A83}.Release|Any CPU.ActiveCfg = Release|Any CPU
		{D6C18C4E-98E9-41A9-968B-CC41E1C34A83}.Release|Any CPU.Build.0 = Release|Any CPU
		{E1174716-341E-467B-BE07-6860DD45B3D0}.Debug|Any CPU.ActiveCfg = Debug|Any CPU
		{E1174716-341E-467B-BE07-6860DD45B3D0}.Debug|Any CPU.Build.0 = Debug|Any CPU
		{E1174716-341E-467B-BE07-6860DD45B3D0}.Release|Any CPU.ActiveCfg = Release|Any CPU
		{E1174716-341E-467B-BE07-6860DD45B3D0}.Release|Any CPU.Build.0 = Release|Any CPU
	EndGlobalSection
	GlobalSection(SolutionProperties) = preSolution
		HideSolutionNode = FALSE
	EndGlobalSection
EndGlobal
